// !$*UTF8*$!
{
	archiveVersion = 1;
	classes = {
	};
	objectVersion = 77;
	objects = {

/* Begin PBXContainerItemProxy section */
		A1PROXY0000000000000001 /* PBXContainerItemProxy */ = {
			isa = PBXContainerItemProxy;
			containerPortal = A1PROJ0000000000000001 /* Project object */;
			proxyType = 1;
			remoteGlobalIDString = A1TARG0000000000000001;
			remoteInfo = AreaChain;
		};
/* End PBXContainerItemProxy section */

/* Begin PBXFileReference section */
		A1APPF0000000000000001 /* AreaChain.app */ = {isa = PBXFileReference; explicitFileType = wrapper.application; includeInIndex = 0; path = AreaChain.app; sourceTree = BUILT_PRODUCTS_DIR; };
		A1TESTF000000000000001 /* AreaChainTests.xctest */ = {isa = PBXFileReference; explicitFileType = wrapper.cfbundle; includeInIndex = 0; path = AreaChainTests.xctest; sourceTree = BUILT_PRODUCTS_DIR; };
/* End PBXFileReference section */

/* Begin PBXFileSystemSynchronizedRootGroup section */
		A1APPSYNC0000000000001 /* AreaChain */ = {
			isa = PBXFileSystemSynchronizedRootGroup;
			path = AreaChain;
			sourceTree = "<group>";
		};
		A1TESTSYNC000000000001 /* AreaChainTests */ = {
			isa = PBXFileSystemSynchronizedRootGroup;
			path = AreaChainTests;
			sourceTree = "<group>";
		};
/* End PBXFileSystemSynchronizedRootGroup section */

/* Begin PBXFrameworksBuildPhase section */
		A1APPFW000000000000001 /* Frameworks */ = {
			isa = PBXFrameworksBuildPhase;
			buildActionMask = 2147483647;
			files = (
			);
			runOnlyForDeploymentPostprocessing = 0;
		};
		A1TESTFW00000000000001 /* Frameworks */ = {
			isa = PBXFrameworksBuildPhase;
			buildActionMask = 2147483647;
			files = (
			);
			runOnlyForDeploymentPostprocessing = 0;
		};
/* End PBXFrameworksBuildPhase section */

/* Begin PBXGroup section */
		A1ROOT0000000000000001 = {
			isa = PBXGroup;
			children = (
				A1APPSYNC0000000000001 /* AreaChain */,
				A1TESTSYNC000000000001 /* AreaChainTests */,
				A1PROD0000000000000001 /* Products */,
			);
			sourceTree = "<group>";
		};
		A1PROD0000000000000001 /* Products */ = {
			isa = PBXGroup;
			children = (
				A1APPF0000000000000001 /* AreaChain.app */,
				A1TESTF000000000000001 /* AreaChainTests.xctest */,
			);
			name = Products;
			sourceTree = "<group>";
		};
/* End PBXGroup section */

/* Begin PBXNativeTarget section */
		A1TARG0000000000000001 /* AreaChain */ = {
			isa = PBXNativeTarget;
			buildConfigurationList = A1APPCFG0000000000001 /* Build configuration list for PBXNativeTarget "AreaChain" */;
			buildPhases = (
				A1APPSRC0000000000001 /* Sources */,
				A1APPFW000000000000001 /* Frameworks */,
				A1APPRES0000000000001 /* Resources */,
			);
			buildRules = (
			);
			dependencies = (
			);
			fileSystemSynchronizedGroups = (
				A1APPSYNC0000000000001 /* AreaChain */,
			);
			name = AreaChain;
			packageProductDependencies = (
			);
			productName = AreaChain;
			productReference = A1APPF0000000000000001 /* AreaChain.app */;
			productType = "com.apple.product-type.application";
		};
		A1TARG0000000000000002 /* AreaChainTests */ = {
			isa = PBXNativeTarget;
			buildConfigurationList = A1TESTCFG000000000001 /* Build configuration list for PBXNativeTarget "AreaChainTests" */;
			buildPhases = (
				A1TESTSRC000000000001 /* Sources */,
				A1TESTFW00000000000001 /* Frameworks */,
				A1TESTRES000000000001 /* Resources */,
			);
			buildRules = (
			);
			dependencies = (
				A1DEP0000000000000001 /* PBXTargetDependency */,
			);
			fileSystemSynchronizedGroups = (
				A1TESTSYNC000000000001 /* AreaChainTests */,
			);
			name = AreaChainTests;
			packageProductDependencies = (
			);
			productName = AreaChainTests;
			productReference = A1TESTF000000000000001 /* AreaChainTests.xctest */;
			productType = "com.apple.product-type.bundle.unit-test";
		};
/* End PBXNativeTarget section */

/* Begin PBXProject section */
		A1PROJ0000000000000001 /* Project object */ = {
			isa = PBXProject;
			attributes = {
				BuildIndependentTargetsInParallel = 1;
				LastSwiftUpdateCheck = 2640;
				LastUpgradeCheck = 2640;
				TargetAttributes = {
					A1TARG0000000000000001 = {
						CreatedOnToolsVersion = 26.4;
					};
					A1TARG0000000000000002 = {
						CreatedOnToolsVersion = 26.4;
						TestTargetID = A1TARG0000000000001;
					};
				};
			};
			buildConfigurationList = A1PRJCFG0000000000001 /* Build configuration list for PBXProject "AreaChain" */;
			developmentRegion = en;
			hasScannedForEncodings = 0;
			knownRegions = (
				en,
				Base,
				"zh-Hans",
			);
			mainGroup = A1ROOT0000000000000001;
			minimizedProjectReferenceProxies = 1;
			preferredProjectObjectVersion = 77;
			productRefGroup = A1PROD0000000000000001 /* Products */;
			projectDirPath = "";
			projectRoot = "";
			targets = (
				A1TARG0000000000000001 /* AreaChain */,
				A1TARG0000000000000002 /* AreaChainTests */,
			);
		};
/* End PBXProject section */

/* Begin PBXResourcesBuildPhase section */
		A1APPRES0000000000001 /* Resources */ = {
			isa = PBXResourcesBuildPhase;
			buildActionMask = 2147483647;
			files = (
			);
			runOnlyForDeploymentPostprocessing = 0;
		};
		A1TESTRES000000000001 /* Resources */ = {
			isa = PBXResourcesBuildPhase;
			buildActionMask = 2147483647;
			files = (
			);
			runOnlyForDeploymentPostprocessing = 0;
		};
/* End PBXResourcesBuildPhase section */

/* Begin PBXSourcesBuildPhase section */
		A1APPSRC0000000000001 /* Sources */ = {
			isa = PBXSourcesBuildPhase;
			buildActionMask = 2147483647;
			files = (
			);
			runOnlyForDeploymentPostprocessing = 0;
		};
		A1TESTSRC000000000001 /* Sources */ = {
			isa = PBXSourcesBuildPhase;
			buildActionMask = 2147483647;
			files = (
			);
			runOnlyForDeploymentPostprocessing = 0;
		};
/* End PBXSourcesBuildPhase section */

/* Begin PBXTargetDependency section */
		A1DEP0000000000000001 /* PBXTargetDependency */ = {
			isa = PBXTargetDependency;
			target = A1TARG0000000000000001 /* AreaChain */;
			targetProxy = A1PROXY0000000000000001 /* PBXContainerItemProxy */;
		};
/* End PBXTargetDependency section */

/* Begin XCBuildConfiguration section */
		A1DBG0000000000000001 /* Debug */ = {
			isa = XCBuildConfiguration;
			buildSettings = {
				ALWAYS_SEARCH_USER_PATHS = NO;
				CLANG_ENABLE_MODULES = YES;
				CLANG_ENABLE_OBJC_ARC = YES;
				COPY_PHASE_STRIP = NO;
				DEBUG_INFORMATION_FORMAT = dwarf;
				ENABLE_STRICT_OBJC_MSGSEND = YES;
				ENABLE_TESTABILITY = YES;
				ENABLE_USER_SCRIPT_SANDBOXING = YES;
				GCC_DYNAMIC_NO_PIC = NO;
				GCC_OPTIMIZATION_LEVEL = 0;
				MACOSX_DEPLOYMENT_TARGET = 14.0;
				ONLY_ACTIVE_ARCH = YES;
				SDKROOT = macosx;
				SWIFT_ACTIVE_COMPILATION_CONDITIONS = DEBUG;
				SWIFT_OPTIMIZATION_LEVEL = "-Onone";
			};
			name = Debug;
		};
		A1REL0000000000000001 /* Release */ = {
			isa = XCBuildConfiguration;
			buildSettings = {
				ALWAYS_SEARCH_USER_PATHS = NO;
				CLANG_ENABLE_MODULES = YES;
				CLANG_ENABLE_OBJC_ARC = YES;
				COPY_PHASE_STRIP = NO;
				DEBUG_INFORMATION_FORMAT = "dwarf-with-dsym";
				ENABLE_NS_ASSERTIONS = NO;
				ENABLE_STRICT_OBJC_MSGSEND = YES;
				ENABLE_USER_SCRIPT_SANDBOXING = YES;
				MACOSX_DEPLOYMENT_TARGET = 14.0;
				SDKROOT = macosx;
				SWIFT_COMPILATION_MODE = wholemodule;
			};
			name = Release;
		};
		A1APPDBG0000000000001 /* Debug */ = {
			isa = XCBuildConfiguration;
			buildSettings = {
				ASSETCATALOG_COMPILER_APPICON_NAME = AppIcon;
				CODE_SIGN_ENTITLEMENTS = AreaChain/App/AreaChain.entitlements;
				CODE_SIGN_IDENTITY = "-";
				CODE_SIGN_STYLE = Automatic;
				COMBINE_HIDPI_IMAGES = YES;
				CURRENT_PROJECT_VERSION = 1;
				ENABLE_APP_SANDBOX = YES;
				ENABLE_HARDENED_RUNTIME = YES;
				ENABLE_PREVIEWS = YES;
				GENERATE_INFOPLIST_FILE = YES;
				INFOPLIST_KEY_CFBundleDisplayName = AreaChain;
				INFOPLIST_KEY_LSApplicationCategoryType = "public.app-category.productivity";
				INFOPLIST_KEY_LSUIElement = YES;
				INFOPLIST_KEY_NSHumanReadableCopyright = "";
				LD_RUNPATH_SEARCH_PATHS = (
					"$(inherited)",
					"@executable_path/../Frameworks",
				);
				MARKETING_VERSION = 0.1.0;
				PRODUCT_BUNDLE_IDENTIFIER = com.areachain.app;
				PRODUCT_NAME = "$(TARGET_NAME)";
				REGISTER_APP_GROUPS = YES;
				SWIFT_EMIT_LOC_STRINGS = YES;
				SWIFT_VERSION = 5.0;
			};
			name = Debug;
		};
		A1APPREL0000000000001 /* Release */ = {
			isa = XCBuildConfiguration;
			buildSettings = {
				ASSETCATALOG_COMPILER_APPICON_NAME = AppIcon;
				CODE_SIGN_ENTITLEMENTS = AreaChain/App/AreaChain.entitlements;
				CODE_SIGN_IDENTITY = "-";
				CODE_SIGN_STYLE = Automatic;
				COMBINE_HIDPI_IMAGES = YES;
				CURRENT_PROJECT_VERSION = 1;
				ENABLE_APP_SANDBOX = YES;
				ENABLE_HARDENED_RUNTIME = YES;
				ENABLE_PREVIEWS = YES;
				GENERATE_INFOPLIST_FILE = YES;
				INFOPLIST_KEY_CFBundleDisplayName = AreaChain;
				INFOPLIST_KEY_LSApplicationCategoryType = "public.app-category.productivity";
				INFOPLIST_KEY_LSUIElement = YES;
				INFOPLIST_KEY_NSHumanReadableCopyright = "";
				LD_RUNPATH_SEARCH_PATHS = (
					"$(inherited)",
					"@executable_path/../Frameworks",
				);
				MARKETING_VERSION = 0.1.0;
				PRODUCT_BUNDLE_IDENTIFIER = com.areachain.app;
				PRODUCT_NAME = "$(TARGET_NAME)";
				REGISTER_APP_GROUPS = YES;
				SWIFT_EMIT_LOC_STRINGS = YES;
				SWIFT_VERSION = 5.0;
			};
			name = Release;
		};
		A1TESTDBG000000000001 /* Debug */ = {
			isa = XCBuildConfiguration;
			buildSettings = {
				BUNDLE_LOADER = "$(TEST_HOST)";
				CODE_SIGN_IDENTITY = "-";
				CODE_SIGN_STYLE = Automatic;
				CURRENT_PROJECT_VERSION = 1;
				GENERATE_INFOPLIST_FILE = YES;
				MACOSX_DEPLOYMENT_TARGET = 14.0;
				MARKETING_VERSION = 0.1.0;
				PRODUCT_BUNDLE_IDENTIFIER = com.areachain.app.tests;
				PRODUCT_NAME = "$(TARGET_NAME)";
				SWIFT_VERSION = 5.0;
				TEST_HOST = "$(BUILT_PRODUCTS_DIR)/AreaChain.app/Contents/MacOS/AreaChain";
			};
			name = Debug;
		};
		A1TESTREL000000000001 /* Release */ = {
			isa = XCBuildConfiguration;
			buildSettings = {
				BUNDLE_LOADER = "$(TEST_HOST)";
				CODE_SIGN_IDENTITY = "-";
				CODE_SIGN_STYLE = Automatic;
				CURRENT_PROJECT_VERSION = 1;
				GENERATE_INFOPLIST_FILE = YES;
				MACOSX_DEPLOYMENT_TARGET = 14.0;
				MARKETING_VERSION = 0.1.0;
				PRODUCT_BUNDLE_IDENTIFIER = com.areachain.app.tests;
				PRODUCT_NAME = "$(TARGET_NAME)";
				SWIFT_VERSION = 5.0;
				TEST_HOST = "$(BUILT_PRODUCTS_DIR)/AreaChain.app/Contents/MacOS/AreaChain";
			};
			name = Release;
		};
/* End XCBuildConfiguration section */

/* Begin XCConfigurationList section */
		A1PRJCFG0000000000001 /* Build configuration list for PBXProject "AreaChain" */ = {
			isa = XCConfigurationList;
			buildConfigurations = (
				A1DBG0000000000000001 /* Debug */,
				A1REL0000000000000001 /* Release */,
			);
			defaultConfigurationIsVisible = 0;
			defaultConfigurationName = Release;
		};
		A1APPCFG0000000000001 /* Build configuration list for PBXNativeTarget "AreaChain" */ = {
			isa = XCConfigurationList;
			buildConfigurations = (
				A1APPDBG0000000000001 /* Debug */,
				A1APPREL0000000000001 /* Release */,
			);
			defaultConfigurationIsVisible = 0;
			defaultConfigurationName = Release;
		};
		A1TESTCFG000000000001 /* Build configuration list for PBXNativeTarget "AreaChainTests" */ = {
			isa = XCConfigurationList;
			buildConfigurations = (
				A1TESTDBG000000000001 /* Debug */,
				A1TESTREL000000000001 /* Release */,
			);
			defaultConfigurationIsVisible = 0;
			defaultConfigurationName = Release;
		};
/* End XCConfigurationList section */
	};
	rootObject = A1PROJ0000000000000001 /* Project object */;
}
